
Microsoft Visual Studio Solution File, Format Version 12.00
# Visual Studio 15
VisualStudioVersion = 15.0.28307.572
MinimumVisualStudioVersion = 10.0.40219.1
Project("{FAE04EC0-301F-11D3-BF4B-00C04F79EFBC}") = "BasketballLeague", "BasketballLeague\BasketballLeague.csproj", "{FD126BD2-8D6B-4224-8DFD-1DD59B81E015}"
EndProject
Global
	GlobalSection(SolutionConfigurationPlatforms) = preSolution
		Debug|Any CPU = Debug|Any CPU
		Release|Any CPU = Release|Any CPU
	EndGlobalSection
	GlobalSection(ProjectConfigurationPlatforms) = postSolution
		{FD126BD2-8D6B-4224-8DFD-1DD59B81E015}.Debug|Any CPU.ActiveCfg = Debug|Any CPU
		{FD126BD2-8D6B-4224-8DFD-1DD59B81E015}.Debug|Any CPU.Build.0 = Debug|Any CPU
		{FD126BD2-8D6B-4224-8DFD-1DD59B81E015}.Release|Any CPU.ActiveCfg = Release|Any CPU
		{FD126BD2-8D6B-4224-8DFD-1DD59B81E015}.Release|Any CPU.Build.0 = Release|Any CPU
	EndGlobalSection
	GlobalSection(SolutionProperties) = preSolution
		HideSolutionNode = FALSE
	EndGlobalSection
	GlobalSection(ExtensibilityGlobals) = postSolution
		SolutionGuid = {A878592D-6204-4BDC-90E0-083BF21D9497}
	EndGlobalSection
EndGlobal
